
Microsoft Visual Studio Solution File, Format Version 12.00
# Visual Studio 15
VisualStudioVersion = 15.0.27428.2005
MinimumVisualStudioVersion = 10.0.40219.1
Project("{8BC9CEB8-8B4A-11D0-8D11-00A0C91BC942}") = "TravellingSalesmanApproximationAlgorithm3", "TravellingSalesmanApproximationAlgorithm3\TravellingSalesmanApproximationAlgorithm3.vcxproj", "{6D40E084-8613-48CB-B983-B16A1BD467A9}"
EndProject
Global
	GlobalSection(SolutionConfigurationPlatforms) = preSolution
		Debug|x64 = Debug|x64
		Debug|x86 = Debug|x86
		Release|x64 = Release|x64
		Release|x86 = Release|x86
	EndGlobalSection
	GlobalSection(ProjectConfigurationPlatforms) = postSolution
		{6D40E084-8613-48CB-B983-B16A1BD467A9}.Debug|x64.ActiveCfg = Debug|x64
		{6D40E084-8613-48CB-B983-B16A1BD467A9}.Debug|x64.Build.0 = Debug|x64
		{6D40E084-8613-48CB-B983-B16A1BD467A9}.Debug|x86.ActiveCfg = Debug|Win32
		{6D40E084-8613-48CB-B983-B16A1BD467A9}.Debug|x86.Build.0 = Debug|Win32
		{6D40E084-8613-48CB-B983-B16A1BD467A9}.Release|x64.ActiveCfg = Release|x64
		{6D40E084-8613-48CB-B983-B16A1BD467A9}.Release|x64.Build.0 = Release|x64
		{6D40E084-8613-48CB-B983-B16A1BD467A9}.Release|x86.ActiveCfg = Release|Win32
		{6D40E084-8613-48CB-B983-B16A1BD467A9}.Release|x86.Build.0 = Release|Win32
	EndGlobalSection
	GlobalSection(SolutionProperties) = preSolution
		HideSolutionNode = FALSE
	EndGlobalSection
	GlobalSection(ExtensibilityGlobals) = postSolution
		SolutionGuid = {3A68D6B3-20FF-4B63-9C8C-FC47F6361206}
	EndGlobalSection
EndGlobal
